<?xml version="1.0" encoding="utf-8"?>
<Project ToolsVersion="4.0" xmlns="http://schemas.microsoft.com/developer/msbuild/2003">
  <ItemGroup>
    <ClCompile Include="test.cpp" />
    <ClCompile Include="pch.cpp" />
    <ClCompile Include="$(MSBuildThisFileDirectory)..\..\lib\native\src\gtest\gtest-all.cc" />
    <ClCompile Include="$(MSBuildThisFileDirectory)..\..\lib\native\src\gmock\gmock-all.cc" />
    <ClCompile Include="CommandParserTest_Fixture.cpp">
      <Filter>TestCode</Filter>
    </ClCompile>
    <ClCompile Include="CommandProcessorTest_Fixture.cpp">
      <Filter>TestCode</Filter>
    </ClCompile>
    <ClCompile Include="employManagerTest_Fixture.cpp">
      <Filter>TestCode</Filter>
    </ClCompile>
    <ClCompile Include="EmployTest.cpp">
      <Filter>TestCode</Filter>
    </ClCompile>
    <ClCompile Include="DBInterfaceTest.cpp">
      <Filter>TestCode</Filter>
    </ClCompile>
    <ClCompile Include="..\EmpManager\CommandParser.cpp">
      <Filter>Source</Filter>
    </ClCompile>
    <ClCompile Include="CommandProcessorTest_Fixture_SCH.cpp">
      <Filter>TestCode</Filter>
    </ClCompile>
    <ClCompile Include="CommandProcessorTest_Fixture_ADD.cpp">
      <Filter>TestCode</Filter>
    </ClCompile>
    <ClCompile Include="..\EmpManager\employManager.cpp">
      <Filter>Source</Filter>
    </ClCompile>
  </ItemGroup>
  <ItemGroup>
    <ClInclude Include="pch.h" />
    <ClInclude Include="CommandParserTest_Fixture.h">
      <Filter>TestCode</Filter>
    </ClInclude>
    <ClInclude Include="CommandProcessorTest_Fixture.h">
      <Filter>TestCode</Filter>
    </ClInclude>
    <ClInclude Include="employManagerTest_Fixture.h">
      <Filter>TestCode</Filter>
    </ClInclude>
    <ClInclude Include="..\EmpManager\CommandParser.h">
      <Filter>Source</Filter>
    </ClInclude>
    <ClInclude Include="MockDatabase.h">
      <Filter>Mock</Filter>
    </ClInclude>
    <ClInclude Include="MockCommandProcessor.h">
      <Filter>Mock</Filter>
    </ClInclude>
    <ClInclude Include="..\EmpManager\employManager.h">
      <Filter>Source</Filter>
    </ClInclude>
  </ItemGroup>
  <ItemGroup>
    <None Include="packages.config" />
  </ItemGroup>
  <ItemGroup>
    <Filter Include="Source">
      <UniqueIdentifier>{32c01a58-f5b4-4fae-a1e9-ed2e506840d3}</UniqueIdentifier>
    </Filter>
    <Filter Include="Mock">
      <UniqueIdentifier>{ba9660e0-45df-4590-abbe-06d940c7ae51}</UniqueIdentifier>
    </Filter>
    <Filter Include="TestCode">
      <UniqueIdentifier>{3235dc12-b6a2-4af0-97ae-04b726b406e4}</UniqueIdentifier>
    </Filter>
  </ItemGroup>
</Project>